
Microsoft Visual Studio Solution File, Format Version 12.00
# Visual Studio Version 16
VisualStudioVersion = 16.0.31229.75
MinimumVisualStudioVersion = 10.0.40219.1
Project("{F184B08F-C81C-45F6-A57F-5ABD9991F28F}") = "visualweb", "visualweb.vbproj", "{C6BEA3FC-2AE8-435E-9B4A-AACB696CA7EE}"
EndProject
Global
	GlobalSection(SolutionConfigurationPlatforms) = preSolution
		Debug|Any CPU = Debug|Any CPU
		Release|Any CPU = Release|Any CPU
	EndGlobalSection
	GlobalSection(ProjectConfigurationPlatforms) = postSolution
		{C6BEA3FC-2AE8-435E-9B4A-AACB696CA7EE}.Debug|Any CPU.ActiveCfg = Debug|Any CPU
		{C6BEA3FC-2AE8-435E-9B4A-AACB696CA7EE}.Debug|Any CPU.Build.0 = Debug|Any CPU
		{C6BEA3FC-2AE8-435E-9B4A-AACB696CA7EE}.Release|Any CPU.ActiveCfg = Release|Any CPU
		{C6BEA3FC-2AE8-435E-9B4A-AACB696CA7EE}.Release|Any CPU.Build.0 = Release|Any CPU
	EndGlobalSection
	GlobalSection(SolutionProperties) = preSolution
		HideSolutionNode = FALSE
	EndGlobalSection
	GlobalSection(ExtensibilityGlobals) = postSolution
		SolutionGuid = {CADD043D-AF1E-4562-A6CA-753A08CF2F31}
	EndGlobalSection
EndGlobal
